<Solution>
  <Folder Name="/src/">
    <Project Path="src/BackupNormalizer.Core/BackupNormalizer.Core.csproj" />
    <Project Path="src/BackupNormalizer.Ui/BackupNormalizer.Ui.csproj" />
    <Project Path="src/BackupNormalizer/BackupNormalizer.csproj" />
  </Folder>
  <Folder Name="/tests/">
    <Project Path="tests/BackupNormalizer.Tests/BackupNormalizer.Tests.csproj" />
  </Folder>
</Solution>
